{
  "version": 4,
  "terraform_version": "1.13.4",
  "serial": 4,
  "lineage": "61662c3b-6dce-2827-369f-0ad864f0e39f",
  "outputs": {},
  "resources": [
    {
      "mode": "data",
      "type": "local_file",
      "name": "version",
      "provider": "provider[\"registry.terraform.io/hashicorp/local\"]",
      "instances": [
        {
          "schema_version": 0,
          "attributes": {
            "content": "Linux version 6.8.0-87-generic (buildd@lcy02-amd64-034) (x86_64-linux-gnu-gcc-13 (Ubuntu 13.3.0-6ubuntu2~24.04) 13.3.0, GNU ld (GNU Binutils for Ubuntu) 2.42) #88-Ubuntu SMP PREEMPT_DYNAMIC Sat Oct 11 09:28:41 UTC 2025\n",
            "content_base64": "TGludXggdmVyc2lvbiA2LjguMC04Ny1nZW5lcmljIChidWlsZGRAbGN5MDItYW1kNjQtMDM0KSAoeDg2XzY0LWxpbnV4LWdudS1nY2MtMTMgKFVidW50dSAxMy4zLjAtNnVidW50dTJ+MjQuMDQpIDEzLjMuMCwgR05VIGxkIChHTlUgQmludXRpbHMgZm9yIFVidW50dSkgMi40MikgIzg4LVVidW50dSBTTVAgUFJFRU1QVF9EWU5BTUlDIFNhdCBPY3QgMTEgMDk6Mjg6NDEgVVRDIDIwMjUK",
            "content_base64sha256": "aT0GFSI3YWfmSMEDbdIvPeNoD5tJ3PyDlfb9EXuh59g=",
            "content_base64sha512": "vAKL9jO8Uz5OfpOLl897GJL/dbgbxI+OTGhwLSHC+5q1bs88IZ5hHIDADAnav3DTWPkRBj/vQSth9sV8G90YpA==",
            "content_md5": "ac6eb33d01a539f805d51962d329c95c",
            "content_sha1": "4affcacae01d977f8e827996ab42454c97a2c609",
            "content_sha256": "693d061522376167e648c1036dd22f3de3680f9b49dcfc8395f6fd117ba1e7d8",
            "content_sha512": "bc028bf633bc533e4e7e938b97cf7b1892ff75b81bc48f8e4c68702d21c2fb9ab56ecf3c219e611c80c00c09dabf70d358f911063fef412b61f6c57c1bdd18a4",
            "filename": "/proc/version",
            "id": "4affcacae01d977f8e827996ab42454c97a2c609"
          },
          "sensitive_attributes": [],
          "identity_schema_version": 0
        }
      ]
    },
    {
      "mode": "managed",
      "type": "local_file",
      "name": "from_dataresourse",
      "provider": "provider[\"registry.terraform.io/hashicorp/local\"]",
      "instances": [
        {
          "schema_version": 0,
          "attributes": {
            "content": "Linux version 6.8.0-87-generic (buildd@lcy02-amd64-034) (x86_64-linux-gnu-gcc-13 (Ubuntu 13.3.0-6ubuntu2~24.04) 13.3.0, GNU ld (GNU Binutils for Ubuntu) 2.42) #88-Ubuntu SMP PREEMPT_DYNAMIC Sat Oct 11 09:28:41 UTC 2025\n",
            "content_base64": null,
            "content_base64sha256": "aT0GFSI3YWfmSMEDbdIvPeNoD5tJ3PyDlfb9EXuh59g=",
            "content_base64sha512": "vAKL9jO8Uz5OfpOLl897GJL/dbgbxI+OTGhwLSHC+5q1bs88IZ5hHIDADAnav3DTWPkRBj/vQSth9sV8G90YpA==",
            "content_md5": "ac6eb33d01a539f805d51962d329c95c",
            "content_sha1": "4affcacae01d977f8e827996ab42454c97a2c609",
            "content_sha256": "693d061522376167e648c1036dd22f3de3680f9b49dcfc8395f6fd117ba1e7d8",
            "content_sha512": "bc028bf633bc533e4e7e938b97cf7b1892ff75b81bc48f8e4c68702d21c2fb9ab56ecf3c219e611c80c00c09dabf70d358f911063fef412b61f6c57c1bdd18a4",
            "directory_permission": "0777",
            "file_permission": "0777",
            "filename": "/tmp/from_data_source.txt",
            "id": "4affcacae01d977f8e827996ab42454c97a2c609",
            "sensitive_content": null,
            "source": null
          },
          "sensitive_attributes": [
            [
              {
                "type": "get_attr",
                "value": "sensitive_content"
              }
            ]
          ],
          "identity_schema_version": 0,
          "dependencies": [
            "data.local_file.version"
          ]
        }
      ]
    },
    {
      "mode": "managed",
      "type": "local_file",
      "name": "from_resourse",
      "provider": "provider[\"registry.terraform.io/hashicorp/local\"]",
      "instances": [
        {
          "schema_version": 0,
          "attributes": {
            "content": "K#j0zbl7Djq?OCii",
            "content_base64": null,
            "content_base64sha256": "NTsGZM4GozfhcUqPpgjcT425pzq4wTuao5GpQmCg8ws=",
            "content_base64sha512": "CPzNycUqrcSoyyJN3N6oKXQmLPsOd+cowBuCkNWZrgf9s8yxZ19HrupK1JhvcpmDWGGwU28prv/fJp8+XIQfvg==",
            "content_md5": "95c329bf954ebed90308c48cca8fd238",
            "content_sha1": "e842550c618844327285dad9d5e298fca020bc17",
            "content_sha256": "353b0664ce06a337e1714a8fa608dc4f8db9a73ab8c13b9aa391a94260a0f30b",
            "content_sha512": "08fccdc9c52aadc4a8cb224ddcdea82974262cfb0e77e728c01b8290d599ae07fdb3ccb1675f47aeea4ad4986f7299835861b0536f29aeffdf269f3e5c841fbe",
            "directory_permission": "0777",
            "file_permission": "0777",
            "filename": "/tmp/from_resource.txt",
            "id": "e842550c618844327285dad9d5e298fca020bc17",
            "sensitive_content": null,
            "source": null
          },
          "sensitive_attributes": [
            [
              {
                "type": "get_attr",
                "value": "content"
              }
            ],
            [
              {
                "type": "get_attr",
                "value": "sensitive_content"
              }
            ]
          ],
          "identity_schema_version": 0,
          "dependencies": [
            "random_password.any_uniq_name"
          ]
        }
      ]
    },
    {
      "mode": "managed",
      "type": "random_password",
      "name": "any_uniq_name",
      "provider": "provider[\"registry.terraform.io/hashicorp/random\"]",
      "instances": [
        {
          "schema_version": 3,
          "attributes": {
            "bcrypt_hash": "$2a$10$w.YV08.irtNpc0F/6CsdB.W3quvP1OL3x2kZk0WOwTuLF9Tvrbpmi",
            "id": "none",
            "keepers": null,
            "length": 16,
            "lower": true,
            "min_lower": 0,
            "min_numeric": 0,
            "min_special": 0,
            "min_upper": 0,
            "number": true,
            "numeric": true,
            "override_special": null,
            "result": "K#j0zbl7Djq?OCii",
            "special": true,
            "upper": true
          },
          "sensitive_attributes": [
            [
              {
                "type": "get_attr",
                "value": "bcrypt_hash"
              }
            ],
            [
              {
                "type": "get_attr",
                "value": "result"
              }
            ]
          ],
          "identity_schema_version": 0
        }
      ]
    }
  ],
  "check_results": null
}
